
Microsoft Visual Studio Solution File, Format Version 12.00
# Visual Studio Version 16
VisualStudioVersion = 16.0.30503.244
MinimumVisualStudioVersion = 10.0.40219.1
Project("{8BC9CEB8-8B4A-11D0-8D11-00A0C91BC942}") = "PVCTurnScale", "PVCTurnScale\PVCTurnScale.vcxproj", "{3A389F74-4AD2-4753-B49E-8C4F8497A35D}"
EndProject
Global
	GlobalSection(SolutionConfigurationPlatforms) = preSolution
		Debug|x64 = Debug|x64
		Debug|x86 = Debug|x86
		Release|x64 = Release|x64
		Release|x86 = Release|x86
	EndGlobalSection
	GlobalSection(ProjectConfigurationPlatforms) = postSolution
		{3A389F74-4AD2-4753-B49E-8C4F8497A35D}.Debug|x64.ActiveCfg = Debug|x64
		{3A389F74-4AD2-4753-B49E-8C4F8497A35D}.Debug|x64.Build.0 = Debug|x64
		{3A389F74-4AD2-4753-B49E-8C4F8497A35D}.Debug|x86.ActiveCfg = Debug|Win32
		{3A389F74-4AD2-4753-B49E-8C4F8497A35D}.Debug|x86.Build.0 = Debug|Win32
		{3A389F74-4AD2-4753-B49E-8C4F8497A35D}.Release|x64.ActiveCfg = Release|x64
		{3A389F74-4AD2-4753-B49E-8C4F8497A35D}.Release|x64.Build.0 = Release|x64
		{3A389F74-4AD2-4753-B49E-8C4F8497A35D}.Release|x86.ActiveCfg = Release|Win32
		{3A389F74-4AD2-4753-B49E-8C4F8497A35D}.Release|x86.Build.0 = Release|Win32
	EndGlobalSection
	GlobalSection(SolutionProperties) = preSolution
		HideSolutionNode = FALSE
	EndGlobalSection
	GlobalSection(ExtensibilityGlobals) = postSolution
		SolutionGuid = {C3AC39F2-B644-462C-8233-91FF9724FA8E}
	EndGlobalSection
EndGlobal
